
Microsoft Visual Studio Solution File, Format Version 12.00
# Visual Studio 15
VisualStudioVersion = 15.0.28010.2026
MinimumVisualStudioVersion = 10.0.40219.1
Project("{FAE04EC0-301F-11D3-BF4B-00C04F79EFBC}") = "Support", "Support\Support.csproj", "{AEBDBDDB-50B2-44E9-91CD-450AB4C0297D}"
EndProject
Global
	GlobalSection(SolutionConfigurationPlatforms) = preSolution
		Debug|Any CPU = Debug|Any CPU
		Release|Any CPU = Release|Any CPU
	EndGlobalSection
	GlobalSection(ProjectConfigurationPlatforms) = postSolution
		{AEBDBDDB-50B2-44E9-91CD-450AB4C0297D}.Debug|Any CPU.ActiveCfg = Debug|Any CPU
		{AEBDBDDB-50B2-44E9-91CD-450AB4C0297D}.Debug|Any CPU.Build.0 = Debug|Any CPU
		{AEBDBDDB-50B2-44E9-91CD-450AB4C0297D}.Release|Any CPU.ActiveCfg = Release|Any CPU
		{AEBDBDDB-50B2-44E9-91CD-450AB4C0297D}.Release|Any CPU.Build.0 = Release|Any CPU
	EndGlobalSection
	GlobalSection(SolutionProperties) = preSolution
		HideSolutionNode = FALSE
	EndGlobalSection
	GlobalSection(ExtensibilityGlobals) = postSolution
		SolutionGuid = {B9C40DEE-A50C-41C9-9F83-604EB191E63C}
		VisualSVNWorkingCopyRoot = .
	EndGlobalSection
EndGlobal
